
Microsoft Visual Studio Solution File, Format Version 12.00
# Visual Studio Version 17
VisualStudioVersion = 17.13.35818.85
MinimumVisualStudioVersion = 10.0.40219.1
Project("{2150E333-8FDC-42A3-9474-1A3956D46DE8}") = "Creational", "Creational", "{02EA681E-C7D8-13C7-8484-4AC65E1B71E8}"
EndProject
Project("{2150E333-8FDC-42A3-9474-1A3956D46DE8}") = "Factory", "Factory", "{D24897D0-B042-486E-BC76-5032A8D22DD3}"
EndProject
Project("{2150E333-8FDC-42A3-9474-1A3956D46DE8}") = "Transport", "Transport", "{B0F278E1-F029-4728-B779-2D2C310894A1}"
EndProject
Project("{FAE04EC0-301F-11D3-BF4B-00C04F79EFBC}") = "Transport", "Creational\Factory\Transport\Transport.csproj", "{61A9A889-2F53-4F6D-8698-E4A14E0AFDD0}"
EndProject
Project("{2150E333-8FDC-42A3-9474-1A3956D46DE8}") = "AbstractFactory", "AbstractFactory", "{567255AF-6AE4-421D-A43F-C8DB64486318}"
EndProject
Project("{2150E333-8FDC-42A3-9474-1A3956D46DE8}") = "FurnitureShop", "FurnitureShop", "{BC2CD121-86E3-4A47-9806-EB81191495E0}"
EndProject
Project("{FAE04EC0-301F-11D3-BF4B-00C04F79EFBC}") = "FurnitureShop", "Creational\AbstractFactory\FurnitureShop\FurnitureShop.csproj", "{8B135BB3-B10B-75E0-F8A4-7994EABA8BCD}"
EndProject
Project("{2150E333-8FDC-42A3-9474-1A3956D46DE8}") = "GuiAbstractFactory", "GuiAbstractFactory", "{75D1947F-4A12-4CB9-8009-67B74058CA66}"
EndProject
Project("{FAE04EC0-301F-11D3-BF4B-00C04F79EFBC}") = "GuiAbstractFactory", "Creational\AbstractFactory\GuiAbstractFactory\GuiAbstractFactory\GuiAbstractFactory.csproj", "{9E5E3FEC-06A7-C7E9-739E-F96B7341BEEA}"
EndProject
Project("{2150E333-8FDC-42A3-9474-1A3956D46DE8}") = "Builder", "Builder", "{E8E4D626-849E-4383-B6E1-562F956941E8}"
EndProject
Project("{2150E333-8FDC-42A3-9474-1A3956D46DE8}") = "HouseBuilder", "HouseBuilder", "{9E2D743B-CB04-40F3-8317-8F1ACD921767}"
EndProject
Project("{FAE04EC0-301F-11D3-BF4B-00C04F79EFBC}") = "HouseBuilder", "Creational\Builder\HouseBuilder\HouseBuilder.csproj", "{EA3634B7-F5F3-4B9A-A6F9-2B4AF093F177}"
EndProject
Project("{2150E333-8FDC-42A3-9474-1A3956D46DE8}") = "CarBuilder", "CarBuilder", "{BD3D8C4F-6B49-47C8-8D51-89F8AC62D53D}"
EndProject
Project("{FAE04EC0-301F-11D3-BF4B-00C04F79EFBC}") = "CarBuilderProject", "Creational\Builder\CarBuilder\CarBuilderProject.csproj", "{A26A8654-FABF-4A98-8F19-A5B354BCF6B8}"
EndProject
Project("{2150E333-8FDC-42A3-9474-1A3956D46DE8}") = "Prototype", "Prototype", "{4496B564-1DEE-4692-88C2-9FD82EAFF1C4}"
EndProject
Project("{2150E333-8FDC-42A3-9474-1A3956D46DE8}") = "SamplePrototype", "SamplePrototype", "{F81B3BB2-0FE9-45F2-A257-38CB4856381E}"
EndProject
Project("{2150E333-8FDC-42A3-9474-1A3956D46DE8}") = "ShapePrototype", "ShapePrototype", "{3CA72BEC-949E-49CA-A773-6C582BE1F6FF}"
EndProject
Project("{FAE04EC0-301F-11D3-BF4B-00C04F79EFBC}") = "ShapePrototype", "Creational\Prototype\ShapePrototype\ShapePrototype.csproj", "{69BF5062-2E0D-418E-9AEE-9BF1675B0B9C}"
EndProject
Project("{FAE04EC0-301F-11D3-BF4B-00C04F79EFBC}") = "SamplePrototype", "Creational\Prototype\SamplePrototype\SamplePrototype.csproj", "{C676E41E-A73E-BA68-8FE9-E33C05D2F974}"
EndProject
Project("{2150E333-8FDC-42A3-9474-1A3956D46DE8}") = "Singleton", "Singleton", "{194D518A-BC3C-4432-B673-1322022524D4}"
EndProject
Project("{2150E333-8FDC-42A3-9474-1A3956D46DE8}") = "DatabaseSetting", "DatabaseSetting", "{0724797D-BB12-48FC-A0CA-844E5EA809B2}"
EndProject
Project("{FAE04EC0-301F-11D3-BF4B-00C04F79EFBC}") = "DatabaseSettings", "Creational\Singleton\DatabaseSettings\DatabaseSettings.csproj", "{20C62A2B-8352-4D84-96B3-82C610A17D71}"
EndProject
Project("{2150E333-8FDC-42A3-9474-1A3956D46DE8}") = "Structural", "Structural", "{837D5A9C-D3DF-4C1D-B25F-35129EE45EDB}"
EndProject
Project("{2150E333-8FDC-42A3-9474-1A3956D46DE8}") = "Adapter", "Adapter", "{E5CD794E-2901-4D4D-9743-3F07CAC63238}"
EndProject
Project("{2150E333-8FDC-42A3-9474-1A3956D46DE8}") = "StockDataConverter", "StockDataConverter", "{2B975BEE-6BB4-4F62-993D-D8540FCA74F8}"
EndProject
Project("{2150E333-8FDC-42A3-9474-1A3956D46DE8}") = "SquareToRound", "SquareToRound", "{14ED070B-2406-4AB4-8EFA-B74BC3509433}"
EndProject
Project("{FAE04EC0-301F-11D3-BF4B-00C04F79EFBC}") = "SquareToRound", "Structural\Adapter\SquareToRound\SquareToRound.csproj", "{2D7EB969-2DA4-4880-98C0-4A1DA8389E0B}"
EndProject
Project("{FAE04EC0-301F-11D3-BF4B-00C04F79EFBC}") = "StockDataConverter", "Structural\Adapter\StockDataConverter\StockDataConverter.csproj", "{6F884AF9-9F5B-A72D-6643-033ED738E54E}"
EndProject
Project("{2150E333-8FDC-42A3-9474-1A3956D46DE8}") = "Bridge", "Bridge", "{DF29E367-A5C7-456D-A3AF-438B5F04FF15}"
EndProject
Project("{2150E333-8FDC-42A3-9474-1A3956D46DE8}") = "ShapeWithColor", "ShapeWithColor", "{9E57E4FB-1E7F-43C5-8FAD-B90FEE31585B}"
EndProject
Project("{FAE04EC0-301F-11D3-BF4B-00C04F79EFBC}") = "ShapeWithColor", "Structural\Bridge\ShapeWithColor\ShapeWithColor.csproj", "{FD10A392-E0AA-1CD5-3855-ADCD33E2CF6D}"
EndProject
Global
	GlobalSection(SolutionConfigurationPlatforms) = preSolution
		Debug|Any CPU = Debug|Any CPU
		Release|Any CPU = Release|Any CPU
	EndGlobalSection
	GlobalSection(ProjectConfigurationPlatforms) = postSolution
		{61A9A889-2F53-4F6D-8698-E4A14E0AFDD0}.Debug|Any CPU.ActiveCfg = Debug|Any CPU
		{61A9A889-2F53-4F6D-8698-E4A14E0AFDD0}.Debug|Any CPU.Build.0 = Debug|Any CPU
		{61A9A889-2F53-4F6D-8698-E4A14E0AFDD0}.Release|Any CPU.ActiveCfg = Release|Any CPU
		{61A9A889-2F53-4F6D-8698-E4A14E0AFDD0}.Release|Any CPU.Build.0 = Release|Any CPU
		{8B135BB3-B10B-75E0-F8A4-7994EABA8BCD}.Debug|Any CPU.ActiveCfg = Debug|Any CPU
		{8B135BB3-B10B-75E0-F8A4-7994EABA8BCD}.Debug|Any CPU.Build.0 = Debug|Any CPU
		{8B135BB3-B10B-75E0-F8A4-7994EABA8BCD}.Release|Any CPU.ActiveCfg = Release|Any CPU
		{8B135BB3-B10B-75E0-F8A4-7994EABA8BCD}.Release|Any CPU.Build.0 = Release|Any CPU
		{9E5E3FEC-06A7-C7E9-739E-F96B7341BEEA}.Debug|Any CPU.ActiveCfg = Debug|Any CPU
		{9E5E3FEC-06A7-C7E9-739E-F96B7341BEEA}.Debug|Any CPU.Build.0 = Debug|Any CPU
		{9E5E3FEC-06A7-C7E9-739E-F96B7341BEEA}.Release|Any CPU.ActiveCfg = Release|Any CPU
		{9E5E3FEC-06A7-C7E9-739E-F96B7341BEEA}.Release|Any CPU.Build.0 = Release|Any CPU
		{EA3634B7-F5F3-4B9A-A6F9-2B4AF093F177}.Debug|Any CPU.ActiveCfg = Debug|Any CPU
		{EA3634B7-F5F3-4B9A-A6F9-2B4AF093F177}.Debug|Any CPU.Build.0 = Debug|Any CPU
		{EA3634B7-F5F3-4B9A-A6F9-2B4AF093F177}.Release|Any CPU.ActiveCfg = Release|Any CPU
		{EA3634B7-F5F3-4B9A-A6F9-2B4AF093F177}.Release|Any CPU.Build.0 = Release|Any CPU
		{A26A8654-FABF-4A98-8F19-A5B354BCF6B8}.Debug|Any CPU.ActiveCfg = Debug|Any CPU
		{A26A8654-FABF-4A98-8F19-A5B354BCF6B8}.Debug|Any CPU.Build.0 = Debug|Any CPU
		{A26A8654-FABF-4A98-8F19-A5B354BCF6B8}.Release|Any CPU.ActiveCfg = Release|Any CPU
		{A26A8654-FABF-4A98-8F19-A5B354BCF6B8}.Release|Any CPU.Build.0 = Release|Any CPU
		{69BF5062-2E0D-418E-9AEE-9BF1675B0B9C}.Debug|Any CPU.ActiveCfg = Debug|Any CPU
		{69BF5062-2E0D-418E-9AEE-9BF1675B0B9C}.Debug|Any CPU.Build.0 = Debug|Any CPU
		{69BF5062-2E0D-418E-9AEE-9BF1675B0B9C}.Release|Any CPU.ActiveCfg = Release|Any CPU
		{69BF5062-2E0D-418E-9AEE-9BF1675B0B9C}.Release|Any CPU.Build.0 = Release|Any CPU
		{C676E41E-A73E-BA68-8FE9-E33C05D2F974}.Debug|Any CPU.ActiveCfg = Debug|Any CPU
		{C676E41E-A73E-BA68-8FE9-E33C05D2F974}.Debug|Any CPU.Build.0 = Debug|Any CPU
		{C676E41E-A73E-BA68-8FE9-E33C05D2F974}.Release|Any CPU.ActiveCfg = Release|Any CPU
		{C676E41E-A73E-BA68-8FE9-E33C05D2F974}.Release|Any CPU.Build.0 = Release|Any CPU
		{20C62A2B-8352-4D84-96B3-82C610A17D71}.Debug|Any CPU.ActiveCfg = Debug|Any CPU
		{20C62A2B-8352-4D84-96B3-82C610A17D71}.Debug|Any CPU.Build.0 = Debug|Any CPU
		{20C62A2B-8352-4D84-96B3-82C610A17D71}.Release|Any CPU.ActiveCfg = Release|Any CPU
		{20C62A2B-8352-4D84-96B3-82C610A17D71}.Release|Any CPU.Build.0 = Release|Any CPU
		{2D7EB969-2DA4-4880-98C0-4A1DA8389E0B}.Debug|Any CPU.ActiveCfg = Debug|Any CPU
		{2D7EB969-2DA4-4880-98C0-4A1DA8389E0B}.Debug|Any CPU.Build.0 = Debug|Any CPU
		{2D7EB969-2DA4-4880-98C0-4A1DA8389E0B}.Release|Any CPU.ActiveCfg = Release|Any CPU
		{2D7EB969-2DA4-4880-98C0-4A1DA8389E0B}.Release|Any CPU.Build.0 = Release|Any CPU
		{6F884AF9-9F5B-A72D-6643-033ED738E54E}.Debug|Any CPU.ActiveCfg = Debug|Any CPU
		{6F884AF9-9F5B-A72D-6643-033ED738E54E}.Debug|Any CPU.Build.0 = Debug|Any CPU
		{6F884AF9-9F5B-A72D-6643-033ED738E54E}.Release|Any CPU.ActiveCfg = Release|Any CPU
		{6F884AF9-9F5B-A72D-6643-033ED738E54E}.Release|Any CPU.Build.0 = Release|Any CPU
		{FD10A392-E0AA-1CD5-3855-ADCD33E2CF6D}.Debug|Any CPU.ActiveCfg = Debug|Any CPU
		{FD10A392-E0AA-1CD5-3855-ADCD33E2CF6D}.Debug|Any CPU.Build.0 = Debug|Any CPU
		{FD10A392-E0AA-1CD5-3855-ADCD33E2CF6D}.Release|Any CPU.ActiveCfg = Release|Any CPU
		{FD10A392-E0AA-1CD5-3855-ADCD33E2CF6D}.Release|Any CPU.Build.0 = Release|Any CPU
	EndGlobalSection
	GlobalSection(SolutionProperties) = preSolution
		HideSolutionNode = FALSE
	EndGlobalSection
	GlobalSection(NestedProjects) = preSolution
		{D24897D0-B042-486E-BC76-5032A8D22DD3} = {02EA681E-C7D8-13C7-8484-4AC65E1B71E8}
		{B0F278E1-F029-4728-B779-2D2C310894A1} = {D24897D0-B042-486E-BC76-5032A8D22DD3}
		{61A9A889-2F53-4F6D-8698-E4A14E0AFDD0} = {B0F278E1-F029-4728-B779-2D2C310894A1}
		{567255AF-6AE4-421D-A43F-C8DB64486318} = {02EA681E-C7D8-13C7-8484-4AC65E1B71E8}
		{BC2CD121-86E3-4A47-9806-EB81191495E0} = {567255AF-6AE4-421D-A43F-C8DB64486318}
		{8B135BB3-B10B-75E0-F8A4-7994EABA8BCD} = {BC2CD121-86E3-4A47-9806-EB81191495E0}
		{75D1947F-4A12-4CB9-8009-67B74058CA66} = {567255AF-6AE4-421D-A43F-C8DB64486318}
		{9E5E3FEC-06A7-C7E9-739E-F96B7341BEEA} = {75D1947F-4A12-4CB9-8009-67B74058CA66}
		{E8E4D626-849E-4383-B6E1-562F956941E8} = {02EA681E-C7D8-13C7-8484-4AC65E1B71E8}
		{9E2D743B-CB04-40F3-8317-8F1ACD921767} = {E8E4D626-849E-4383-B6E1-562F956941E8}
		{EA3634B7-F5F3-4B9A-A6F9-2B4AF093F177} = {9E2D743B-CB04-40F3-8317-8F1ACD921767}
		{BD3D8C4F-6B49-47C8-8D51-89F8AC62D53D} = {E8E4D626-849E-4383-B6E1-562F956941E8}
		{A26A8654-FABF-4A98-8F19-A5B354BCF6B8} = {BD3D8C4F-6B49-47C8-8D51-89F8AC62D53D}
		{4496B564-1DEE-4692-88C2-9FD82EAFF1C4} = {02EA681E-C7D8-13C7-8484-4AC65E1B71E8}
		{F81B3BB2-0FE9-45F2-A257-38CB4856381E} = {4496B564-1DEE-4692-88C2-9FD82EAFF1C4}
		{3CA72BEC-949E-49CA-A773-6C582BE1F6FF} = {4496B564-1DEE-4692-88C2-9FD82EAFF1C4}
		{69BF5062-2E0D-418E-9AEE-9BF1675B0B9C} = {3CA72BEC-949E-49CA-A773-6C582BE1F6FF}
		{C676E41E-A73E-BA68-8FE9-E33C05D2F974} = {F81B3BB2-0FE9-45F2-A257-38CB4856381E}
		{194D518A-BC3C-4432-B673-1322022524D4} = {02EA681E-C7D8-13C7-8484-4AC65E1B71E8}
		{0724797D-BB12-48FC-A0CA-844E5EA809B2} = {194D518A-BC3C-4432-B673-1322022524D4}
		{20C62A2B-8352-4D84-96B3-82C610A17D71} = {0724797D-BB12-48FC-A0CA-844E5EA809B2}
		{E5CD794E-2901-4D4D-9743-3F07CAC63238} = {837D5A9C-D3DF-4C1D-B25F-35129EE45EDB}
		{2B975BEE-6BB4-4F62-993D-D8540FCA74F8} = {E5CD794E-2901-4D4D-9743-3F07CAC63238}
		{14ED070B-2406-4AB4-8EFA-B74BC3509433} = {E5CD794E-2901-4D4D-9743-3F07CAC63238}
		{2D7EB969-2DA4-4880-98C0-4A1DA8389E0B} = {14ED070B-2406-4AB4-8EFA-B74BC3509433}
		{6F884AF9-9F5B-A72D-6643-033ED738E54E} = {2B975BEE-6BB4-4F62-993D-D8540FCA74F8}
		{DF29E367-A5C7-456D-A3AF-438B5F04FF15} = {837D5A9C-D3DF-4C1D-B25F-35129EE45EDB}
		{9E57E4FB-1E7F-43C5-8FAD-B90FEE31585B} = {DF29E367-A5C7-456D-A3AF-438B5F04FF15}
		{FD10A392-E0AA-1CD5-3855-ADCD33E2CF6D} = {9E57E4FB-1E7F-43C5-8FAD-B90FEE31585B}
	EndGlobalSection
	GlobalSection(ExtensibilityGlobals) = postSolution
		SolutionGuid = {479C9C2C-695B-425A-B834-C346EDB8D854}
	EndGlobalSection
EndGlobal
